
Microsoft Visual Studio Solution File, Format Version 12.00
# Visual Studio 15
Project("{FAE04EC0-301F-11D3-BF4B-00C04F79EFBC}") = "FaultCodes.Android", "FaultCodes.Android\FaultCodes.Android.csproj", "{3F930C6D-14C4-47B0-BBB2-7B9BD03A0290}"
EndProject
Project("{FAE04EC0-301F-11D3-BF4B-00C04F79EFBC}") = "FaultCodes.iOS", "FaultCodes.iOS\FaultCodes.iOS.csproj", "{58797041-4E19-49A9-972B-994EB1264E33}"
EndProject
Project("{FAE04EC0-301F-11D3-BF4B-00C04F79EFBC}") = "FaultCodes", "FaultCodes\FaultCodes.csproj", "{DAF05D12-AB8C-4F7D-9D92-4AC55EF51E09}"
EndProject
Global
	GlobalSection(SolutionConfigurationPlatforms) = preSolution
		Debug|Any CPU = Debug|Any CPU
		Release|Any CPU = Release|Any CPU
		Debug|iPhoneSimulator = Debug|iPhoneSimulator
		Release|iPhoneSimulator = Release|iPhoneSimulator
		Debug|iPhone = Debug|iPhone
		Release|iPhone = Release|iPhone
	EndGlobalSection
	GlobalSection(ProjectConfigurationPlatforms) = postSolution
		{3F930C6D-14C4-47B0-BBB2-7B9BD03A0290}.Debug|Any CPU.ActiveCfg = Debug|Any CPU
		{3F930C6D-14C4-47B0-BBB2-7B9BD03A0290}.Debug|Any CPU.Build.0 = Debug|Any CPU
		{3F930C6D-14C4-47B0-BBB2-7B9BD03A0290}.Release|Any CPU.ActiveCfg = Release|Any CPU
		{3F930C6D-14C4-47B0-BBB2-7B9BD03A0290}.Release|Any CPU.Build.0 = Release|Any CPU
		{3F930C6D-14C4-47B0-BBB2-7B9BD03A0290}.Debug|iPhoneSimulator.ActiveCfg = Debug|Any CPU
		{3F930C6D-14C4-47B0-BBB2-7B9BD03A0290}.Debug|iPhoneSimulator.Build.0 = Debug|Any CPU
		{3F930C6D-14C4-47B0-BBB2-7B9BD03A0290}.Release|iPhoneSimulator.ActiveCfg = Release|Any CPU
		{3F930C6D-14C4-47B0-BBB2-7B9BD03A0290}.Release|iPhoneSimulator.Build.0 = Release|Any CPU
		{3F930C6D-14C4-47B0-BBB2-7B9BD03A0290}.Debug|iPhone.ActiveCfg = Debug|Any CPU
		{3F930C6D-14C4-47B0-BBB2-7B9BD03A0290}.Debug|iPhone.Build.0 = Debug|Any CPU
		{3F930C6D-14C4-47B0-BBB2-7B9BD03A0290}.Release|iPhone.ActiveCfg = Release|Any CPU
		{3F930C6D-14C4-47B0-BBB2-7B9BD03A0290}.Release|iPhone.Build.0 = Release|Any CPU
		{58797041-4E19-49A9-972B-994EB1264E33}.Debug|Any CPU.ActiveCfg = Debug|iPhoneSimulator
		{58797041-4E19-49A9-972B-994EB1264E33}.Debug|Any CPU.Build.0 = Debug|iPhoneSimulator
		{58797041-4E19-49A9-972B-994EB1264E33}.Release|Any CPU.ActiveCfg = Release|iPhoneSimulator
		{58797041-4E19-49A9-972B-994EB1264E33}.Release|Any CPU.Build.0 = Release|iPhoneSimulator
		{58797041-4E19-49A9-972B-994EB1264E33}.Debug|iPhoneSimulator.ActiveCfg = Debug|iPhoneSimulator
		{58797041-4E19-49A9-972B-994EB1264E33}.Debug|iPhoneSimulator.Build.0 = Debug|iPhoneSimulator
		{58797041-4E19-49A9-972B-994EB1264E33}.Release|iPhoneSimulator.ActiveCfg = Release|iPhoneSimulator
		{58797041-4E19-49A9-972B-994EB1264E33}.Release|iPhoneSimulator.Build.0 = Release|iPhoneSimulator
		{58797041-4E19-49A9-972B-994EB1264E33}.Debug|iPhone.ActiveCfg = Debug|iPhone
		{58797041-4E19-49A9-972B-994EB1264E33}.Debug|iPhone.Build.0 = Debug|iPhone
		{58797041-4E19-49A9-972B-994EB1264E33}.Release|iPhone.ActiveCfg = Release|iPhone
		{58797041-4E19-49A9-972B-994EB1264E33}.Release|iPhone.Build.0 = Release|iPhone
		{DAF05D12-AB8C-4F7D-9D92-4AC55EF51E09}.Debug|Any CPU.ActiveCfg = Debug|Any CPU
		{DAF05D12-AB8C-4F7D-9D92-4AC55EF51E09}.Debug|Any CPU.Build.0 = Debug|Any CPU
		{DAF05D12-AB8C-4F7D-9D92-4AC55EF51E09}.Release|Any CPU.ActiveCfg = Release|Any CPU
		{DAF05D12-AB8C-4F7D-9D92-4AC55EF51E09}.Release|Any CPU.Build.0 = Release|Any CPU
		{DAF05D12-AB8C-4F7D-9D92-4AC55EF51E09}.Debug|iPhoneSimulator.ActiveCfg = Debug|Any CPU
		{DAF05D12-AB8C-4F7D-9D92-4AC55EF51E09}.Debug|iPhoneSimulator.Build.0 = Debug|Any CPU
		{DAF05D12-AB8C-4F7D-9D92-4AC55EF51E09}.Release|iPhoneSimulator.ActiveCfg = Release|Any CPU
		{DAF05D12-AB8C-4F7D-9D92-4AC55EF51E09}.Release|iPhoneSimulator.Build.0 = Release|Any CPU
		{DAF05D12-AB8C-4F7D-9D92-4AC55EF51E09}.Debug|iPhone.ActiveCfg = Debug|Any CPU
		{DAF05D12-AB8C-4F7D-9D92-4AC55EF51E09}.Debug|iPhone.Build.0 = Debug|Any CPU
		{DAF05D12-AB8C-4F7D-9D92-4AC55EF51E09}.Release|iPhone.ActiveCfg = Release|Any CPU
		{DAF05D12-AB8C-4F7D-9D92-4AC55EF51E09}.Release|iPhone.Build.0 = Release|Any CPU
	EndGlobalSection
EndGlobal
